
Microsoft Visual Studio Solution File, Format Version 12.00
# Visual Studio Version 17
VisualStudioVersion = 17.3.32811.315
MinimumVisualStudioVersion = 10.0.40219.1
Project("{8BC9CEB8-8B4A-11D0-8D11-00A0C91BC942}") = "Project1", "Project1\Project1.vcxproj", "{042E4711-C5A4-4EB7-AB34-776E80A82657}"
EndProject
Global
	GlobalSection(SolutionConfigurationPlatforms) = preSolution
		Debug|x64 = Debug|x64
		Debug|x86 = Debug|x86
		Release|x64 = Release|x64
		Release|x86 = Release|x86
	EndGlobalSection
	GlobalSection(ProjectConfigurationPlatforms) = postSolution
		{042E4711-C5A4-4EB7-AB34-776E80A82657}.Debug|x64.ActiveCfg = Debug|x64
		{042E4711-C5A4-4EB7-AB34-776E80A82657}.Debug|x64.Build.0 = Debug|x64
		{042E4711-C5A4-4EB7-AB34-776E80A82657}.Debug|x86.ActiveCfg = Debug|Win32
		{042E4711-C5A4-4EB7-AB34-776E80A82657}.Debug|x86.Build.0 = Debug|Win32
		{042E4711-C5A4-4EB7-AB34-776E80A82657}.Release|x64.ActiveCfg = Release|x64
		{042E4711-C5A4-4EB7-AB34-776E80A82657}.Release|x64.Build.0 = Release|x64
		{042E4711-C5A4-4EB7-AB34-776E80A82657}.Release|x86.ActiveCfg = Release|Win32
		{042E4711-C5A4-4EB7-AB34-776E80A82657}.Release|x86.Build.0 = Release|Win32
	EndGlobalSection
	GlobalSection(SolutionProperties) = preSolution
		HideSolutionNode = FALSE
	EndGlobalSection
	GlobalSection(ExtensibilityGlobals) = postSolution
		SolutionGuid = {9DBF8F7C-C7DD-4195-82C8-EF2E066AD30A}
	EndGlobalSection
EndGlobal
